{
  "name": "property-based-testing",
  "version": "1.0.0",
  "lockfileVersion": 2,
  "requires": true,
  "packages": {
    "": {
      "name": "property-based-testing",
      "version": "1.0.0",
      "license": "ISC",
      "devDependencies": {
        "fast-check": "^3.2.0"
      }
    },
    "node_modules/fast-check": {
      "version": "3.2.0",
      "resolved": "https://registry.npmjs.org/fast-check/-/fast-check-3.2.0.tgz",
      "integrity": "sha512-RH1GMdVeN6Le0B4gI7fz5VZnCgrkREqt4SFMGyFe8v9n06ZuFdR2npxJDl8GUvZQZCq0/mo92JYUZInZnUm0nw==",
      "dev": true,
      "dependencies": {
        "pure-rand": "^5.0.2"
      },
      "engines": {
        "node": ">=8.0.0"
      },
      "funding": {
        "type": "opencollective",
        "url": "https://opencollective.com/fast-check"
      }
    },
    "node_modules/pure-rand": {
      "version": "5.0.3",
      "resolved": "https://registry.npmjs.org/pure-rand/-/pure-rand-5.0.3.tgz",
      "integrity": "sha512-9N8x1h8dptBQpHyC7aZMS+iNOAm97WMGY0AFrguU1cpfW3I5jINkWe5BIY5md0ofy+1TCIELsVcm/GJXZSaPbw==",
      "dev": true,
      "funding": {
        "type": "opencollective",
        "url": "https://opencollective.com/fast-check"
      }
    }
  },
  "dependencies": {
    "fast-check": {
      "version": "3.2.0",
      "resolved": "https://registry.npmjs.org/fast-check/-/fast-check-3.2.0.tgz",
      "integrity": "sha512-RH1GMdVeN6Le0B4gI7fz5VZnCgrkREqt4SFMGyFe8v9n06ZuFdR2npxJDl8GUvZQZCq0/mo92JYUZInZnUm0nw==",
      "dev": true,
      "requires": {
        "pure-rand": "^5.0.2"
      }
    },
    "pure-rand": {
      "version": "5.0.3",
      "resolved": "https://registry.npmjs.org/pure-rand/-/pure-rand-5.0.3.tgz",
      "integrity": "sha512-9N8x1h8dptBQpHyC7aZMS+iNOAm97WMGY0AFrguU1cpfW3I5jINkWe5BIY5md0ofy+1TCIELsVcm/GJXZSaPbw==",
      "dev": true
    }
  }
}
